Microsoft Visual Studio Solution File, Format Version 7.00
Project("{8BC9CEB8-8B4A-11D0-8D11-00A0C91BC942}") = "libh324m", "libh324m.7.0.vcproj", "{1D844EB3-7797-4608-A243-7A33E7AFE04C}"
EndProject
Global
	GlobalSection(SolutionConfiguration) = preSolution
		ConfigName.0 = Debug
		ConfigName.1 = Release
	EndGlobalSection
	GlobalSection(ProjectDependencies) = postSolution
	EndGlobalSection
	GlobalSection(ProjectConfiguration) = postSolution
		{1D844EB3-7797-4608-A243-7A33E7AFE04C}.Debug.ActiveCfg = Debug|Win32
		{1D844EB3-7797-4608-A243-7A33E7AFE04C}.Debug.Build.0 = Debug|Win32
		{1D844EB3-7797-4608-A243-7A33E7AFE04C}.Release.ActiveCfg = Release|Win32
		{1D844EB3-7797-4608-A243-7A33E7AFE04C}.Release.Build.0 = Release|Win32
	EndGlobalSection
	GlobalSection(ExtensibilityGlobals) = postSolution
	EndGlobalSection
	GlobalSection(ExtensibilityAddIns) = postSolution
	EndGlobalSection
EndGlobal
